// !$*UTF8*$!
{
	archiveVersion = 1;
	classes = {
	};
	objectVersion = 56;
	objects = {

/* Begin PBXFileReference section */
		F50F76102AFD930200B66D29 /* Main.swift */ = {isa = PBXFileReference; lastKnownFileType = sourcecode.swift; path = Main.swift; sourceTree = "<group>"; };
		F50F76112AFDA23200B66D29 /* MainUI.swift */ = {isa = PBXFileReference; lastKnownFileType = sourcecode.swift; path = MainUI.swift; sourceTree = "<group>"; };
		F50F76122AFDA2F000B66D29 /* Day1.playground */ = {isa = PBXFileReference; lastKnownFileType = file.playground; path = Day1.playground; sourceTree = "<group>"; xcLanguageSpecificationIdentifier = xcode.lang.swift; };
		F5CD86392AFEE35B00C22327 /* Day2.playground */ = {isa = PBXFileReference; lastKnownFileType = file.playground; path = Day2.playground; sourceTree = "<group>"; xcLanguageSpecificationIdentifier = xcode.lang.swift; };
		F5D5010B2B02D5760093142D /* Day3.playground */ = {isa = PBXFileReference; lastKnownFileType = file.playground; path = Day3.playground; sourceTree = "<group>"; xcLanguageSpecificationIdentifier = xcode.lang.swift; };
/* End PBXFileReference section */

/* Begin PBXGroup section */
		F50F76092AFD922D00B66D29 = {
			isa = PBXGroup;
			children = (
				F5D5010B2B02D5760093142D /* Day3.playground */,
				F5CD86392AFEE35B00C22327 /* Day2.playground */,
				F50F76122AFDA2F000B66D29 /* Day1.playground */,
				F50F76112AFDA23200B66D29 /* MainUI.swift */,
				F50F76102AFD930200B66D29 /* Main.swift */,
			);
			sourceTree = "<group>";
		};
/* End PBXGroup section */

/* Begin PBXProject section */
		F50F760A2AFD922D00B66D29 /* Project object */ = {
			isa = PBXProject;
			attributes = {
				BuildIndependentTargetsInParallel = 1;
				LastUpgradeCheck = 1500;
			};
			buildConfigurationList = F50F760D2AFD922D00B66D29 /* Build configuration list for PBXProject "100DaysOfSwift" */;
			compatibilityVersion = "Xcode 14.0";
			developmentRegion = en;
			hasScannedForEncodings = 0;
			knownRegions = (
				en,
				Base,
			);
			mainGroup = F50F76092AFD922D00B66D29;
			projectDirPath = "";
			projectRoot = "";
			targets = (
			);
		};
/* End PBXProject section */

/* Begin XCBuildConfiguration section */
		F50F760E2AFD922D00B66D29 /* Debug */ = {
			isa = XCBuildConfiguration;
			buildSettings = {
			};
			name = Debug;
		};
		F50F760F2AFD922D00B66D29 /* Release */ = {
			isa = XCBuildConfiguration;
			buildSettings = {
			};
			name = Release;
		};
/* End XCBuildConfiguration section */

/* Begin XCConfigurationList section */
		F50F760D2AFD922D00B66D29 /* Build configuration list for PBXProject "100DaysOfSwift" */ = {
			isa = XCConfigurationList;
			buildConfigurations = (
				F50F760E2AFD922D00B66D29 /* Debug */,
				F50F760F2AFD922D00B66D29 /* Release */,
			);
			defaultConfigurationIsVisible = 0;
			defaultConfigurationName = Release;
		};
/* End XCConfigurationList section */
	};
	rootObject = F50F760A2AFD922D00B66D29 /* Project object */;
}
